
Microsoft Visual Studio Solution File, Format Version 12.00
# Visual Studio Version 16
VisualStudioVersion = 16.0.29721.120
MinimumVisualStudioVersion = 10.0.40219.1
Project("{FAE04EC0-301F-11D3-BF4B-00C04F79EFBC}") = "XAMLInXamarinForms.UWP", "XAMLInXamarinForms\XAMLInXamarinForms.UWP\XAMLInXamarinForms.UWP.csproj", "{911C3C10-5012-4837-BC95-FF067AD58A14}"
EndProject
Project("{FAE04EC0-301F-11D3-BF4B-00C04F79EFBC}") = "XAMLInXamarinForms.Android", "XAMLInXamarinForms\XAMLInXamarinForms.Android\XAMLInXamarinForms.Android.csproj", "{0B6F0356-8C0D-49C6-9E7C-DAE82532872A}"
EndProject
Project("{FAE04EC0-301F-11D3-BF4B-00C04F79EFBC}") = "XAMLInXamarinForms.iOS", "XAMLInXamarinForms\XAMLInXamarinForms.iOS\XAMLInXamarinForms.iOS.csproj", "{6C16C303-4E8A-4D8F-BBED-298273504578}"
EndProject
Project("{9A19103F-16F7-4668-BE54-9A1E7A4F7556}") = "XAMLInXamarinForms", "XAMLInXamarinForms\XAMLInXamarinForms\XAMLInXamarinForms.csproj", "{9E29407B-9EB2-4738-82AF-CEE24E51BB3C}"
EndProject
Project("{9A19103F-16F7-4668-BE54-9A1E7A4F7556}") = "XAMLInXamarinForms.Tests", "XAMLInXamarinForms\XAMLInXamarinForms.Tests\XAMLInXamarinForms.Tests.csproj", "{148D5BBF-34CC-48F1-A05C-3EA904DDB4F9}"
EndProject
Project("{2150E333-8FDC-42A3-9474-1A3956D46DE8}") = "Solution Items", "Solution Items", "{ABBC2E2B-6585-41DD-99F5-5E30DF5D5E15}"
	ProjectSection(SolutionItems) = preProject
		README.md = README.md
	EndProjectSection
EndProject
Global
	GlobalSection(SolutionConfigurationPlatforms) = preSolution
		Debug|Any CPU = Debug|Any CPU
		Debug|ARM = Debug|ARM
		Debug|iPhone = Debug|iPhone
		Debug|iPhoneSimulator = Debug|iPhoneSimulator
		Debug|x64 = Debug|x64
		Debug|x86 = Debug|x86
		Release|Any CPU = Release|Any CPU
		Release|ARM = Release|ARM
		Release|iPhone = Release|iPhone
		Release|iPhoneSimulator = Release|iPhoneSimulator
		Release|x64 = Release|x64
		Release|x86 = Release|x86
	EndGlobalSection
	GlobalSection(ProjectConfigurationPlatforms) = postSolution
		{911C3C10-5012-4837-BC95-FF067AD58A14}.Debug|Any CPU.ActiveCfg = Debug|x86
		{911C3C10-5012-4837-BC95-FF067AD58A14}.Debug|Any CPU.Build.0 = Debug|x86
		{911C3C10-5012-4837-BC95-FF067AD58A14}.Debug|Any CPU.Deploy.0 = Debug|x86
		{911C3C10-5012-4837-BC95-FF067AD58A14}.Debug|ARM.ActiveCfg = Debug|ARM
		{911C3C10-5012-4837-BC95-FF067AD58A14}.Debug|ARM.Build.0 = Debug|ARM
		{911C3C10-5012-4837-BC95-FF067AD58A14}.Debug|ARM.Deploy.0 = Debug|ARM
		{911C3C10-5012-4837-BC95-FF067AD58A14}.Debug|iPhone.ActiveCfg = Debug|x86
		{911C3C10-5012-4837-BC95-FF067AD58A14}.Debug|iPhone.Build.0 = Debug|x86
		{911C3C10-5012-4837-BC95-FF067AD58A14}.Debug|iPhone.Deploy.0 = Debug|x86
		{911C3C10-5012-4837-BC95-FF067AD58A14}.Debug|iPhoneSimulator.ActiveCfg = Debug|x86
		{911C3C10-5012-4837-BC95-FF067AD58A14}.Debug|iPhoneSimulator.Build.0 = Debug|x86
		{911C3C10-5012-4837-BC95-FF067AD58A14}.Debug|iPhoneSimulator.Deploy.0 = Debug|x86
		{911C3C10-5012-4837-BC95-FF067AD58A14}.Debug|x64.ActiveCfg = Debug|x64
		{911C3C10-5012-4837-BC95-FF067AD58A14}.Debug|x64.Build.0 = Debug|x64
		{911C3C10-5012-4837-BC95-FF067AD58A14}.Debug|x64.Deploy.0 = Debug|x64
		{911C3C10-5012-4837-BC95-FF067AD58A14}.Debug|x86.ActiveCfg = Debug|x86
		{911C3C10-5012-4837-BC95-FF067AD58A14}.Debug|x86.Build.0 = Debug|x86
		{911C3C10-5012-4837-BC95-FF067AD58A14}.Debug|x86.Deploy.0 = Debug|x86
		{911C3C10-5012-4837-BC95-FF067AD58A14}.Release|Any CPU.ActiveCfg = Release|x86
		{911C3C10-5012-4837-BC95-FF067AD58A14}.Release|Any CPU.Build.0 = Release|x86
		{911C3C10-5012-4837-BC95-FF067AD58A14}.Release|Any CPU.Deploy.0 = Release|x86
		{911C3C10-5012-4837-BC95-FF067AD58A14}.Release|ARM.ActiveCfg = Release|ARM
		{911C3C10-5012-4837-BC95-FF067AD58A14}.Release|ARM.Build.0 = Release|ARM
		{911C3C10-5012-4837-BC95-FF067AD58A14}.Release|ARM.Deploy.0 = Release|ARM
		{911C3C10-5012-4837-BC95-FF067AD58A14}.Release|iPhone.ActiveCfg = Release|x86
		{911C3C10-5012-4837-BC95-FF067AD58A14}.Release|iPhone.Build.0 = Release|x86
		{911C3C10-5012-4837-BC95-FF067AD58A14}.Release|iPhone.Deploy.0 = Release|x86
		{911C3C10-5012-4837-BC95-FF067AD58A14}.Release|iPhoneSimulator.ActiveCfg = Release|x86
		{911C3C10-5012-4837-BC95-FF067AD58A14}.Release|iPhoneSimulator.Build.0 = Release|x86
		{911C3C10-5012-4837-BC95-FF067AD58A14}.Release|iPhoneSimulator.Deploy.0 = Release|x86
		{911C3C10-5012-4837-BC95-FF067AD58A14}.Release|x64.ActiveCfg = Release|x64
		{911C3C10-5012-4837-BC95-FF067AD58A14}.Release|x64.Build.0 = Release|x64
		{911C3C10-5012-4837-BC95-FF067AD58A14}.Release|x64.Deploy.0 = Release|x64
		{911C3C10-5012-4837-BC95-FF067AD58A14}.Release|x86.ActiveCfg = Release|x86
		{911C3C10-5012-4837-BC95-FF067AD58A14}.Release|x86.Build.0 = Release|x86
		{911C3C10-5012-4837-BC95-FF067AD58A14}.Release|x86.Deploy.0 = Release|x86
		{0B6F0356-8C0D-49C6-9E7C-DAE82532872A}.Debug|Any CPU.ActiveCfg = Debug|Any CPU
		{0B6F0356-8C0D-49C6-9E7C-DAE82532872A}.Debug|Any CPU.Build.0 = Debug|Any CPU
		{0B6F0356-8C0D-49C6-9E7C-DAE82532872A}.Debug|Any CPU.Deploy.0 = Debug|Any CPU
		{0B6F0356-8C0D-49C6-9E7C-DAE82532872A}.Debug|ARM.ActiveCfg = Debug|Any CPU
		{0B6F0356-8C0D-49C6-9E7C-DAE82532872A}.Debug|ARM.Build.0 = Debug|Any CPU
		{0B6F0356-8C0D-49C6-9E7C-DAE82532872A}.Debug|ARM.Deploy.0 = Debug|Any CPU
		{0B6F0356-8C0D-49C6-9E7C-DAE82532872A}.Debug|iPhone.ActiveCfg = Debug|Any CPU
		{0B6F0356-8C0D-49C6-9E7C-DAE82532872A}.Debug|iPhone.Build.0 = Debug|Any CPU
		{0B6F0356-8C0D-49C6-9E7C-DAE82532872A}.Debug|iPhone.Deploy.0 = Debug|Any CPU
		{0B6F0356-8C0D-49C6-9E7C-DAE82532872A}.Debug|iPhoneSimulator.ActiveCfg = Debug|Any CPU
		{0B6F0356-8C0D-49C6-9E7C-DAE82532872A}.Debug|iPhoneSimulator.Build.0 = Debug|Any CPU
		{0B6F0356-8C0D-49C6-9E7C-DAE82532872A}.Debug|iPhoneSimulator.Deploy.0 = Debug|Any CPU
		{0B6F0356-8C0D-49C6-9E7C-DAE82532872A}.Debug|x64.ActiveCfg = Debug|Any CPU
		{0B6F0356-8C0D-49C6-9E7C-DAE82532872A}.Debug|x64.Build.0 = Debug|Any CPU
		{0B6F0356-8C0D-49C6-9E7C-DAE82532872A}.Debug|x64.Deploy.0 = Debug|Any CPU
		{0B6F0356-8C0D-49C6-9E7C-DAE82532872A}.Debug|x86.ActiveCfg = Debug|Any CPU
		{0B6F0356-8C0D-49C6-9E7C-DAE82532872A}.Debug|x86.Build.0 = Debug|Any CPU
		{0B6F0356-8C0D-49C6-9E7C-DAE82532872A}.Debug|x86.Deploy.0 = Debug|Any CPU
		{0B6F0356-8C0D-49C6-9E7C-DAE82532872A}.Release|Any CPU.ActiveCfg = Release|Any CPU
		{0B6F0356-8C0D-49C6-9E7C-DAE82532872A}.Release|Any CPU.Build.0 = Release|Any CPU
		{0B6F0356-8C0D-49C6-9E7C-DAE82532872A}.Release|Any CPU.Deploy.0 = Release|Any CPU
		{0B6F0356-8C0D-49C6-9E7C-DAE82532872A}.Release|ARM.ActiveCfg = Release|Any CPU
		{0B6F0356-8C0D-49C6-9E7C-DAE82532872A}.Release|ARM.Build.0 = Release|Any CPU
		{0B6F0356-8C0D-49C6-9E7C-DAE82532872A}.Release|ARM.Deploy.0 = Release|Any CPU
		{0B6F0356-8C0D-49C6-9E7C-DAE82532872A}.Release|iPhone.ActiveCfg = Release|Any CPU
		{0B6F0356-8C0D-49C6-9E7C-DAE82532872A}.Release|iPhone.Build.0 = Release|Any CPU
		{0B6F0356-8C0D-49C6-9E7C-DAE82532872A}.Release|iPhone.Deploy.0 = Release|Any CPU
		{0B6F0356-8C0D-49C6-9E7C-DAE82532872A}.Release|iPhoneSimulator.ActiveCfg = Release|Any CPU
		{0B6F0356-8C0D-49C6-9E7C-DAE82532872A}.Release|iPhoneSimulator.Build.0 = Release|Any CPU
		{0B6F0356-8C0D-49C6-9E7C-DAE82532872A}.Release|iPhoneSimulator.Deploy.0 = Release|Any CPU
		{0B6F0356-8C0D-49C6-9E7C-DAE82532872A}.Release|x64.ActiveCfg = Release|Any CPU
		{0B6F0356-8C0D-49C6-9E7C-DAE82532872A}.Release|x64.Build.0 = Release|Any CPU
		{0B6F0356-8C0D-49C6-9E7C-DAE82532872A}.Release|x64.Deploy.0 = Release|Any CPU
		{0B6F0356-8C0D-49C6-9E7C-DAE82532872A}.Release|x86.ActiveCfg = Release|Any CPU
		{0B6F0356-8C0D-49C6-9E7C-DAE82532872A}.Release|x86.Build.0 = Release|Any CPU
		{0B6F0356-8C0D-49C6-9E7C-DAE82532872A}.Release|x86.Deploy.0 = Release|Any CPU
		{6C16C303-4E8A-4D8F-BBED-298273504578}.Debug|Any CPU.ActiveCfg = Debug|iPhone
		{6C16C303-4E8A-4D8F-BBED-298273504578}.Debug|Any CPU.Build.0 = Debug|iPhone
		{6C16C303-4E8A-4D8F-BBED-298273504578}.Debug|Any CPU.Deploy.0 = Debug|iPhone
		{6C16C303-4E8A-4D8F-BBED-298273504578}.Debug|ARM.ActiveCfg = Debug|iPhone
		{6C16C303-4E8A-4D8F-BBED-298273504578}.Debug|ARM.Build.0 = Debug|iPhone
		{6C16C303-4E8A-4D8F-BBED-298273504578}.Debug|ARM.Deploy.0 = Debug|iPhone
		{6C16C303-4E8A-4D8F-BBED-298273504578}.Debug|iPhone.ActiveCfg = Debug|iPhone
		{6C16C303-4E8A-4D8F-BBED-298273504578}.Debug|iPhone.Build.0 = Debug|iPhone
		{6C16C303-4E8A-4D8F-BBED-298273504578}.Debug|iPhone.Deploy.0 = Debug|iPhone
		{6C16C303-4E8A-4D8F-BBED-298273504578}.Debug|iPhoneSimulator.ActiveCfg = Debug|iPhoneSimulator
		{6C16C303-4E8A-4D8F-BBED-298273504578}.Debug|iPhoneSimulator.Build.0 = Debug|iPhoneSimulator
		{6C16C303-4E8A-4D8F-BBED-298273504578}.Debug|iPhoneSimulator.Deploy.0 = Debug|iPhoneSimulator
		{6C16C303-4E8A-4D8F-BBED-298273504578}.Debug|x64.ActiveCfg = Debug|iPhone
		{6C16C303-4E8A-4D8F-BBED-298273504578}.Debug|x64.Build.0 = Debug|iPhone
		{6C16C303-4E8A-4D8F-BBED-298273504578}.Debug|x64.Deploy.0 = Debug|iPhone
		{6C16C303-4E8A-4D8F-BBED-298273504578}.Debug|x86.ActiveCfg = Debug|iPhone
		{6C16C303-4E8A-4D8F-BBED-298273504578}.Debug|x86.Build.0 = Debug|iPhone
		{6C16C303-4E8A-4D8F-BBED-298273504578}.Debug|x86.Deploy.0 = Debug|iPhone
		{6C16C303-4E8A-4D8F-BBED-298273504578}.Release|Any CPU.ActiveCfg = Release|iPhone
		{6C16C303-4E8A-4D8F-BBED-298273504578}.Release|Any CPU.Build.0 = Release|iPhone
		{6C16C303-4E8A-4D8F-BBED-298273504578}.Release|Any CPU.Deploy.0 = Release|iPhone
		{6C16C303-4E8A-4D8F-BBED-298273504578}.Release|ARM.ActiveCfg = Release|iPhone
		{6C16C303-4E8A-4D8F-BBED-298273504578}.Release|ARM.Build.0 = Release|iPhone
		{6C16C303-4E8A-4D8F-BBED-298273504578}.Release|ARM.Deploy.0 = Release|iPhone
		{6C16C303-4E8A-4D8F-BBED-298273504578}.Release|iPhone.ActiveCfg = Release|iPhone
		{6C16C303-4E8A-4D8F-BBED-298273504578}.Release|iPhone.Build.0 = Release|iPhone
		{6C16C303-4E8A-4D8F-BBED-298273504578}.Release|iPhone.Deploy.0 = Release|iPhone
		{6C16C303-4E8A-4D8F-BBED-298273504578}.Release|iPhoneSimulator.ActiveCfg = Release|iPhoneSimulator
		{6C16C303-4E8A-4D8F-BBED-298273504578}.Release|iPhoneSimulator.Build.0 = Release|iPhoneSimulator
		{6C16C303-4E8A-4D8F-BBED-298273504578}.Release|iPhoneSimulator.Deploy.0 = Release|iPhoneSimulator
		{6C16C303-4E8A-4D8F-BBED-298273504578}.Release|x64.ActiveCfg = Release|iPhone
		{6C16C303-4E8A-4D8F-BBED-298273504578}.Release|x64.Build.0 = Release|iPhone
		{6C16C303-4E8A-4D8F-BBED-298273504578}.Release|x64.Deploy.0 = Release|iPhone
		{6C16C303-4E8A-4D8F-BBED-298273504578}.Release|x86.ActiveCfg = Release|iPhone
		{6C16C303-4E8A-4D8F-BBED-298273504578}.Release|x86.Build.0 = Release|iPhone
		{6C16C303-4E8A-4D8F-BBED-298273504578}.Release|x86.Deploy.0 = Release|iPhone
		{9E29407B-9EB2-4738-82AF-CEE24E51BB3C}.Debug|Any CPU.ActiveCfg = Debug|Any CPU
		{9E29407B-9EB2-4738-82AF-CEE24E51BB3C}.Debug|Any CPU.Build.0 = Debug|Any CPU
		{9E29407B-9EB2-4738-82AF-CEE24E51BB3C}.Debug|Any CPU.Deploy.0 = Debug|Any CPU
		{9E29407B-9EB2-4738-82AF-CEE24E51BB3C}.Debug|ARM.ActiveCfg = Debug|Any CPU
		{9E29407B-9EB2-4738-82AF-CEE24E51BB3C}.Debug|ARM.Build.0 = Debug|Any CPU
		{9E29407B-9EB2-4738-82AF-CEE24E51BB3C}.Debug|ARM.Deploy.0 = Debug|Any CPU
		{9E29407B-9EB2-4738-82AF-CEE24E51BB3C}.Debug|iPhone.ActiveCfg = Debug|Any CPU
		{9E29407B-9EB2-4738-82AF-CEE24E51BB3C}.Debug|iPhone.Build.0 = Debug|Any CPU
		{9E29407B-9EB2-4738-82AF-CEE24E51BB3C}.Debug|iPhone.Deploy.0 = Debug|Any CPU
		{9E29407B-9EB2-4738-82AF-CEE24E51BB3C}.Debug|iPhoneSimulator.ActiveCfg = Debug|Any CPU
		{9E29407B-9EB2-4738-82AF-CEE24E51BB3C}.Debug|iPhoneSimulator.Build.0 = Debug|Any CPU
		{9E29407B-9EB2-4738-82AF-CEE24E51BB3C}.Debug|iPhoneSimulator.Deploy.0 = Debug|Any CPU
		{9E29407B-9EB2-4738-82AF-CEE24E51BB3C}.Debug|x64.ActiveCfg = Debug|Any CPU
		{9E29407B-9EB2-4738-82AF-CEE24E51BB3C}.Debug|x64.Build.0 = Debug|Any CPU
		{9E29407B-9EB2-4738-82AF-CEE24E51BB3C}.Debug|x64.Deploy.0 = Debug|Any CPU
		{9E29407B-9EB2-4738-82AF-CEE24E51BB3C}.Debug|x86.ActiveCfg = Debug|Any CPU
		{9E29407B-9EB2-4738-82AF-CEE24E51BB3C}.Debug|x86.Build.0 = Debug|Any CPU
		{9E29407B-9EB2-4738-82AF-CEE24E51BB3C}.Debug|x86.Deploy.0 = Debug|Any CPU
		{9E29407B-9EB2-4738-82AF-CEE24E51BB3C}.Release|Any CPU.ActiveCfg = Release|Any CPU
		{9E29407B-9EB2-4738-82AF-CEE24E51BB3C}.Release|Any CPU.Build.0 = Release|Any CPU
		{9E29407B-9EB2-4738-82AF-CEE24E51BB3C}.Release|Any CPU.Deploy.0 = Release|Any CPU
		{9E29407B-9EB2-4738-82AF-CEE24E51BB3C}.Release|ARM.ActiveCfg = Release|Any CPU
		{9E29407B-9EB2-4738-82AF-CEE24E51BB3C}.Release|ARM.Build.0 = Release|Any CPU
		{9E29407B-9EB2-4738-82AF-CEE24E51BB3C}.Release|ARM.Deploy.0 = Release|Any CPU
		{9E29407B-9EB2-4738-82AF-CEE24E51BB3C}.Release|iPhone.ActiveCfg = Release|Any CPU
		{9E29407B-9EB2-4738-82AF-CEE24E51BB3C}.Release|iPhone.Build.0 = Release|Any CPU
		{9E29407B-9EB2-4738-82AF-CEE24E51BB3C}.Release|iPhone.Deploy.0 = Release|Any CPU
		{9E29407B-9EB2-4738-82AF-CEE24E51BB3C}.Release|iPhoneSimulator.ActiveCfg = Release|Any CPU
		{9E29407B-9EB2-4738-82AF-CEE24E51BB3C}.Release|iPhoneSimulator.Build.0 = Release|Any CPU
		{9E29407B-9EB2-4738-82AF-CEE24E51BB3C}.Release|iPhoneSimulator.Deploy.0 = Release|Any CPU
		{9E29407B-9EB2-4738-82AF-CEE24E51BB3C}.Release|x64.ActiveCfg = Release|Any CPU
		{9E29407B-9EB2-4738-82AF-CEE24E51BB3C}.Release|x64.Build.0 = Release|Any CPU
		{9E29407B-9EB2-4738-82AF-CEE24E51BB3C}.Release|x64.Deploy.0 = Release|Any CPU
		{9E29407B-9EB2-4738-82AF-CEE24E51BB3C}.Release|x86.ActiveCfg = Release|Any CPU
		{9E29407B-9EB2-4738-82AF-CEE24E51BB3C}.Release|x86.Build.0 = Release|Any CPU
		{9E29407B-9EB2-4738-82AF-CEE24E51BB3C}.Release|x86.Deploy.0 = Release|Any CPU
		{148D5BBF-34CC-48F1-A05C-3EA904DDB4F9}.Debug|Any CPU.ActiveCfg = Debug|Any CPU
		{148D5BBF-34CC-48F1-A05C-3EA904DDB4F9}.Debug|Any CPU.Build.0 = Debug|Any CPU
		{148D5BBF-34CC-48F1-A05C-3EA904DDB4F9}.Debug|ARM.ActiveCfg = Debug|Any CPU
		{148D5BBF-34CC-48F1-A05C-3EA904DDB4F9}.Debug|ARM.Build.0 = Debug|Any CPU
		{148D5BBF-34CC-48F1-A05C-3EA904DDB4F9}.Debug|iPhone.ActiveCfg = Debug|Any CPU
		{148D5BBF-34CC-48F1-A05C-3EA904DDB4F9}.Debug|iPhone.Build.0 = Debug|Any CPU
		{148D5BBF-34CC-48F1-A05C-3EA904DDB4F9}.Debug|iPhoneSimulator.ActiveCfg = Debug|Any CPU
		{148D5BBF-34CC-48F1-A05C-3EA904DDB4F9}.Debug|iPhoneSimulator.Build.0 = Debug|Any CPU
		{148D5BBF-34CC-48F1-A05C-3EA904DDB4F9}.Debug|x64.ActiveCfg = Debug|Any CPU
		{148D5BBF-34CC-48F1-A05C-3EA904DDB4F9}.Debug|x64.Build.0 = Debug|Any CPU
		{148D5BBF-34CC-48F1-A05C-3EA904DDB4F9}.Debug|x86.ActiveCfg = Debug|Any CPU
		{148D5BBF-34CC-48F1-A05C-3EA904DDB4F9}.Debug|x86.Build.0 = Debug|Any CPU
		{148D5BBF-34CC-48F1-A05C-3EA904DDB4F9}.Release|Any CPU.ActiveCfg = Release|Any CPU
		{148D5BBF-34CC-48F1-A05C-3EA904DDB4F9}.Release|Any CPU.Build.0 = Release|Any CPU
		{148D5BBF-34CC-48F1-A05C-3EA904DDB4F9}.Release|ARM.ActiveCfg = Release|Any CPU
		{148D5BBF-34CC-48F1-A05C-3EA904DDB4F9}.Release|ARM.Build.0 = Release|Any CPU
		{148D5BBF-34CC-48F1-A05C-3EA904DDB4F9}.Release|iPhone.ActiveCfg = Release|Any CPU
		{148D5BBF-34CC-48F1-A05C-3EA904DDB4F9}.Release|iPhone.Build.0 = Release|Any CPU
		{148D5BBF-34CC-48F1-A05C-3EA904DDB4F9}.Release|iPhoneSimulator.ActiveCfg = Release|Any CPU
		{148D5BBF-34CC-48F1-A05C-3EA904DDB4F9}.Release|iPhoneSimulator.Build.0 = Release|Any CPU
		{148D5BBF-34CC-48F1-A05C-3EA904DDB4F9}.Release|x64.ActiveCfg = Release|Any CPU
		{148D5BBF-34CC-48F1-A05C-3EA904DDB4F9}.Release|x64.Build.0 = Release|Any CPU
		{148D5BBF-34CC-48F1-A05C-3EA904DDB4F9}.Release|x86.ActiveCfg = Release|Any CPU
		{148D5BBF-34CC-48F1-A05C-3EA904DDB4F9}.Release|x86.Build.0 = Release|Any CPU
	EndGlobalSection
	GlobalSection(SolutionProperties) = preSolution
		HideSolutionNode = FALSE
	EndGlobalSection
	GlobalSection(ExtensibilityGlobals) = postSolution
		SolutionGuid = {E312B552-3C81-4989-9C4B-A00AFAA363F3}
	EndGlobalSection
EndGlobal
